github.com/aws/aws-sdk-go v1.15.47 h1:A0upvQ+UC+JXkWxlKvXjeQA6A+yN6fllYGYUoZjitsI=
github.com/aws/aws-sdk-go v1.15.47/go.mod h1:mFuSZ37Z9YOHbQEwBWztmVzqXrEkub65tZoCYDt7FT0=
github.com/aws/aws-sdk-go v1.19.36 h1:NF8Y21Db3/SKAyRVyEFM7eEOe79eRabqD0pNvlIy+Ec=
github.com/aws/aws-sdk-go v1.19.36/go.mod h1:KmX6BPdI08NWTb3/sm4ZGu5ShLoqVDhKgpiN924inxo=
github.com/aws/aws-sdk-go v1.19.38 h1:WKjobgPO4Ua1ww2NJJl2/zQNreUZxvqmEzwMlRjjm9g=
github.com/aws/aws-sdk-go v1.19.38/go.mod h1:KmX6BPdI08NWTb3/sm4ZGu5ShLoqVDhKgpiN924inxo=
github.com/aws/aws-sdk-go v1.19.40 h1:omRrS4bCM/IbzU6UEb8Ojg1PvlElZzYZkOh8vWWgFMc=
github.com/aws/aws-sdk-go v1.19.40/go.mod h1:KmX6BPdI08NWTb3/sm4ZGu5ShLoqVDhKgpiN924inxo=
github.com/aws/aws-sdk-go v1.19.44 h1:5MoLvCkdpSGZkMSZSBXqq7WLodttWYu4SxLn/jr2y2g=
github.com/aws/aws-sdk-go v1.19.44/go.mod h1:KmX6BPdI08NWTb3/sm4ZGu5ShLoqVDhKgpiN924inxo=
github.com/aws/aws-sdk-go v1.19.45 h1:jAxmC8qqa7mW531FDgM8Ahbqlb3zmiHgTpJU6fY3vJ0=
github.com/aws/aws-sdk-go v1.19.45/go.mod h1:KmX6BPdI08NWTb3/sm4ZGu5ShLoqVDhKgpiN924inxo=
github.com/aws/aws-sdk-go v1.20.0 h1:t74VM7opfCwwbe+wg6eys4a2wLqky6Znitr7BsqYPUg=
github.com/aws/aws-sdk-go v1.20.0/go.mod h1:KmX6BPdI08NWTb3/sm4ZGu5ShLoqVDhKgpiN924inxo=
github.com/aws/aws-sdk-go v1.20.1 h1:p9ETyEP9iBPTLul2PHJblv5Iw0PKP10YK6DC5nMTzYM=
github.com/aws/aws-sdk-go v1.20.1/go.mod h1:KmX6BPdI08NWTb3/sm4ZGu5ShLoqVDhKgpiN924inxo=
github.com/aws/aws-sdk-go v1.20.3 h1:iQLxGfR0yh7g5M8Xg7wOGyhQ4hoZb/zA0XQNOGPdlpY=
github.com/aws/aws-sdk-go v1.20.3/go.mod h1:KmX6BPdI08NWTb3/sm4ZGu5ShLoqVDhKgpiN924inxo=
github.com/aws/aws-sdk-go v1.20.4 h1:czX3oqFyqz/AELrK/tneNuyZgNIrWnyqP+iQXsQ32E0=
github.com/aws/aws-sdk-go v1.20.4/go.mod h1:KmX6BPdI08NWTb3/sm4ZGu5ShLoqVDhKgpiN924inxo=
github.com/aws/aws-sdk-go v1.20.5 h1:Ytq5AxpA2pr4vRJM9onvgAjjVRZKKO63WStbG/jLHw0=
github.com/aws/aws-sdk-go v1.20.5/go.mod h1:KmX6BPdI08NWTb3/sm4ZGu5ShLoqVDhKgpiN924inxo=
github.com/aws/aws-sdk-go v1.20.6 h1:kmy4Gvdlyez1fV4kw5RYxZzWKVyuHZHgPWeU/YvRsV4=
github.com/aws/aws-sdk-go v1.20.6/go.mod h1:KmX6BPdI08NWTb3/sm4ZGu5ShLoqVDhKgpiN924inxo=
github.com/aws/aws-sdk-go v1.20.7 h1:fRjZRYJg0wPCA8yaDdb3DeP4rVjjmEiuqYhYoqOaIJg=
github.com/aws/aws-sdk-go v1.20.7/go.mod h1:KmX6BPdI08NWTb3/sm4ZGu5ShLoqVDhKgpiN924inxo=
github.com/aws/aws-sdk-go v1.20.8 h1:oXnNFH/8PosUvHXqZHYLUn6LCSzHZ/34H52vrB4YhpA=
github.com/aws/aws-sdk-go v1.20.8/go.mod h1:KmX6BPdI08NWTb3/sm4ZGu5ShLoqVDhKgpiN924inxo=
github.com/aws/aws-sdk-go v1.20.10 h1:wrwdNYb9Xe1ahNEEXl0M/O/g/dmonWag1TFAKVNQulM=
github.com/aws/aws-sdk-go v1.20.10/go.mod h1:KmX6BPdI08NWTb3/sm4ZGu5ShLoqVDhKgpiN924inxo=
github.com/aws/aws-sdk-go v1.20.11 h1:xDc2f/8KmwPW7WkuB0kDUCEP4jpx1PIMMMZkav6cbU4=
github.com/aws/aws-sdk-go v1.20.11/go.mod h1:KmX6BPdI08NWTb3/sm4ZGu5ShLoqVDhKgpiN924inxo=
github.com/aws/aws-sdk-go v1.20.12 h1:xV7xfLSkiqd7JOnLlfER+Jz8kI98rAGJvtXssYkCRs4=
github.com/aws/aws-sdk-go v1.20.12/go.mod h1:KmX6BPdI08NWTb3/sm4ZGu5ShLoqVDhKgpiN924inxo=
github.com/aws/aws-sdk-go v1.20.13 h1:Ojyd/HWs30K03id7hpFN/wMVigk3PWvkQXhJgKZjfzs=
github.com/aws/aws-sdk-go v1.20.13/go.mod h1:KmX6BPdI08NWTb3/sm4ZGu5ShLoqVDhKgpiN924inxo=
github.com/aws/aws-sdk-go v1.20.14 h1:ivPlTrZmHf4f4TvAG79yOyo2fRH0JW4dz+fsV8IQnbU=
github.com/aws/aws-sdk-go v1.20.14/go.mod h1:KmX6BPdI08NWTb3/sm4ZGu5ShLoqVDhKgpiN924inxo=
github.com/aws/aws-sdk-go v1.20.15 h1:y9ts8MJhB7ReUidS6Rq+0KxdFeL01J+pmOlGq6YqpiQ=
github.com/aws/aws-sdk-go v1.20.15/go.mod h1:KmX6BPdI08NWTb3/sm4ZGu5ShLoqVDhKgpiN924inxo=
github.com/aws/aws-sdk-go v1.20.16 h1:Dq68fBH39XnSjjb2hX/iW6mui8JtXcVAuhRYGSRiisY=
github.com/aws/aws-sdk-go v1.20.16/go.mod h1:KmX6BPdI08NWTb3/sm4ZGu5ShLoqVDhKgpiN924inxo=
github.com/davecgh/go-spew v1.1.0 h1:ZDRjVQ15GmhC3fiQ8ni8+OwkZQO4DARzQgrnXU1Liz8=
github.com/davecgh/go-spew v1.1.0/go.mod h1:J7Y8YcW2NihsgmVo/mv3lAwl/skON4iLHjSsI+c5H38=
github.com/go-chi/chi v4.0.2+incompatible h1:maB6vn6FqCxrpz4FqWdh4+lwpyZIQS7YEAUcHlgXVRs=
github.com/go-chi/chi v4.0.2+incompatible/go.mod h1:eB3wogJHnLi3x/kFX2A+IbTBlXxmMeXJVKy9tTv1XzQ=
github.com/go-ini/ini v1.25.4 h1:Mujh4R/dH6YL8bxuISne3xX2+qcQ9p0IxKAP6ExWoUo=
github.com/go-ini/ini v1.25.4/go.mod h1:ByCAeIL28uOIIG0E3PJtZPDL8WnHpFKFOtgjp+3Ies8=
github.com/jmespath/go-jmespath v0.0.0-20160202185014-0b12d6b521d8 h1:12VvqtR6Aowv3l/EQUlocDHW2Cp4G9WJVH7uyH8QFJE=
github.com/jmespath/go-jmespath v0.0.0-20160202185014-0b12d6b521d8/go.mod h1:Nht3zPeWKUH0NzdCt2Blrr5ys8VGpn0CEB0cQHVjt7k=
github.com/jmespath/go-jmespath v0.0.0-20180206201540-c2b33e8439af h1:pmfjZENx5imkbgOkpRUYLnmbU7UEFbjtDA2hxJ1ichM=
github.com/jmespath/go-jmespath v0.0.0-20180206201540-c2b33e8439af/go.mod h1:Nht3zPeWKUH0NzdCt2Blrr5ys8VGpn0CEB0cQHVjt7k=
github.com/joho/godotenv v1.3.0 h1:Zjp+RcGpHhGlrMbJzXTrZZPrWj+1vfm90La1wgB6Bhc=
github.com/joho/godotenv v1.3.0/go.mod h1:7hK45KPybAkOC6peb+G5yklZfMxEjkZhHbwpqxOKXbg=
github.com/keloran/go-healthcheck v0.0.0-20190520143835-ee510ba46f3a h1:wgdCKmTj3hPAflTfjaaLGwfutX2oWX74kz8urV86VyI=
github.com/keloran/go-healthcheck v0.0.0-20190520143835-ee510ba46f3a/go.mod h1:aELxfLtzJ8FbnT+r81bAvZj7tggZLieOCAo5JZG3+R0=
github.com/keloran/go-probe v0.0.0-20190520144024-f910985758fc h1:SPngzzdpQAC/XdEaIZ0ZkNBl5KQXECZVYQ+Ztzg05uM=
github.com/keloran/go-probe v0.0.0-20190520144024-f910985758fc/go.mod h1:RfMCOy4y69IxK4kS/a4VeeemswSq0LID3XftXQxIJMM=
github.com/pmezard/go-difflib v1.0.0 h1:4DBwDE0NGyQoBHbLQYPwSUPoCMWR5BEzIk/f1lZbAQM=
github.com/pmezard/go-difflib v1.0.0/go.mod h1:iKH77koFhYxTK1pcRnkKkqfTogsbg7gZNVY4sRDYZ/4=
github.com/satori/go.uuid v1.2.0 h1:0uYX9dsZ2yD7q2RtLRtPSdGDWzjeM3TbMJP9utgA0ww=
github.com/satori/go.uuid v1.2.0/go.mod h1:dA0hQrYB0VpLJoorglMZABFdXlWrHn1NEOzdhQKdks0=
github.com/stretchr/objx v0.1.0 h1:4G4v2dO3VZwixGIRoQ5Lfboy6nUhCyYzaqnIAPPhYs4=
github.com/stretchr/objx v0.1.0/go.mod h1:HFkY916IF+rwdDfMAkV7OtwuqBVzrE8GR6GFx+wExME=
github.com/stretchr/testify v1.3.0 h1:TivCn/peBQ7UY8ooIcPgZFpTNSz0Q2U6UrFlUfqbe0Q=
github.com/stretchr/testify v1.3.0/go.mod h1:M5WIy9Dh21IEIfnGCwXGc5bZfKNJtfHm1UVUgZn+9EI=
github.com/stretchr/testify v1.3.1-0.20190311161405-34c6fa2dc709 h1:Ko2LQMrRU+Oy/+EDBwX7eZ2jp3C47eDBB8EIhKTun+I=
github.com/stretchr/testify v1.3.1-0.20190311161405-34c6fa2dc709/go.mod h1:M5WIy9Dh21IEIfnGCwXGc5bZfKNJtfHm1UVUgZn+9EI=
